
Microsoft Visual Studio Solution File, Format Version 12.00
# Visual Studio Version 17
VisualStudioVersion = 17.14.36127.28 d17.14
MinimumVisualStudioVersion = 10.0.40219.1
Project("{FAE04EC0-301F-11D3-BF4B-00C04F79EFBC}") = "APID02", "APID02\APID02.csproj", "{09956110-E2F3-4D09-B49F-DA60BE73C87A}"
EndProject
Global
	GlobalSection(SolutionConfigurationPlatforms) = preSolution
		Debug|Any CPU = Debug|Any CPU
		Release|Any CPU = Release|Any CPU
	EndGlobalSection
	GlobalSection(ProjectConfigurationPlatforms) = postSolution
		{09956110-E2F3-4D09-B49F-DA60BE73C87A}.Debug|Any CPU.ActiveCfg = Debug|Any CPU
		{09956110-E2F3-4D09-B49F-DA60BE73C87A}.Debug|Any CPU.Build.0 = Debug|Any CPU
		{09956110-E2F3-4D09-B49F-DA60BE73C87A}.Release|Any CPU.ActiveCfg = Release|Any CPU
		{09956110-E2F3-4D09-B49F-DA60BE73C87A}.Release|Any CPU.Build.0 = Release|Any CPU
	EndGlobalSection
	GlobalSection(SolutionProperties) = preSolution
		HideSolutionNode = FALSE
	EndGlobalSection
	GlobalSection(ExtensibilityGlobals) = postSolution
		SolutionGuid = {E5FD253F-E925-4725-A0D3-1F202B8AB06C}
	EndGlobalSection
EndGlobal
